
Microsoft Visual Studio Solution File, Format Version 12.00
# Visual Studio 15
VisualStudioVersion = 15.0.27130.2036
MinimumVisualStudioVersion = 10.0.40219.1
Project("{FAE04EC0-301F-11D3-BF4B-00C04F79EFBC}") = "EmployeeServices", "EmployeeServices\EmployeeServices.csproj", "{B0838E3A-ECAC-41C1-B3C5-6598A41E08FC}"
EndProject
Global
	GlobalSection(SolutionConfigurationPlatforms) = preSolution
		Debug|Any CPU = Debug|Any CPU
		Release|Any CPU = Release|Any CPU
	EndGlobalSection
	GlobalSection(ProjectConfigurationPlatforms) = postSolution
		{B0838E3A-ECAC-41C1-B3C5-6598A41E08FC}.Debug|Any CPU.ActiveCfg = Debug|Any CPU
		{B0838E3A-ECAC-41C1-B3C5-6598A41E08FC}.Debug|Any CPU.Build.0 = Debug|Any CPU
		{B0838E3A-ECAC-41C1-B3C5-6598A41E08FC}.Release|Any CPU.ActiveCfg = Release|Any CPU
		{B0838E3A-ECAC-41C1-B3C5-6598A41E08FC}.Release|Any CPU.Build.0 = Release|Any CPU
	EndGlobalSection
	GlobalSection(SolutionProperties) = preSolution
		HideSolutionNode = FALSE
	EndGlobalSection
	GlobalSection(ExtensibilityGlobals) = postSolution
		SolutionGuid = {A1274790-FCB5-4C9B-A403-63CBAC4A7D7E}
	EndGlobalSection
EndGlobal
